
Microsoft Visual Studio Solution File, Format Version 12.00
# Visual Studio 2013
VisualStudioVersion = 12.0.31101.0
MinimumVisualStudioVersion = 10.0.40219.1
Project("{9092AA53-FB77-4645-B42D-1CCCA6BD08BD}") = "OurSpace", "OurSpace.njsproj", "{D20A3641-43BA-4348-8236-FC6AB3B051BF}"
EndProject
Global
	GlobalSection(TeamFoundationVersionControl) = preSolution
		SccNumberOfProjects = 2
		SccEnterpriseProvider = {4CA58AB2-18FA-4F8D-95D4-32DDF27D184C}
		SccTeamFoundationServer = https://ashirvad.visualstudio.com/defaultcollection
		SccLocalPath0 = .
		SccProjectUniqueName1 = OurSpace.njsproj
		SccLocalPath1 = .
	EndGlobalSection
	GlobalSection(SolutionConfigurationPlatforms) = preSolution
		Debug|Any CPU = Debug|Any CPU
		Release|Any CPU = Release|Any CPU
	EndGlobalSection
	GlobalSection(ProjectConfigurationPlatforms) = postSolution
		{D20A3641-43BA-4348-8236-FC6AB3B051BF}.Debug|Any CPU.ActiveCfg = Debug|Any CPU
		{D20A3641-43BA-4348-8236-FC6AB3B051BF}.Debug|Any CPU.Build.0 = Debug|Any CPU
		{D20A3641-43BA-4348-8236-FC6AB3B051BF}.Release|Any CPU.ActiveCfg = Release|Any CPU
		{D20A3641-43BA-4348-8236-FC6AB3B051BF}.Release|Any CPU.Build.0 = Release|Any CPU
	EndGlobalSection
	GlobalSection(SolutionProperties) = preSolution
		HideSolutionNode = FALSE
	EndGlobalSection
EndGlobal
